
Microsoft Visual Studio Solution File, Format Version 12.00
# Visual Studio Version 17
VisualStudioVersion = 17.8.34330.188
MinimumVisualStudioVersion = 10.0.40219.1
Project("{FAE04EC0-301F-11D3-BF4B-00C04F79EFBC}") = "AOC15", "AOC15\AOC15.csproj", "{97A390E8-7885-4915-B9B1-DAA7B44FA8BB}"
EndProject
Project("{FAE04EC0-301F-11D3-BF4B-00C04F79EFBC}") = "Part2", "Part2\Part2.csproj", "{10297A3C-7290-4059-AD5E-B05F4F465C52}"
EndProject
Global
	GlobalSection(SolutionConfigurationPlatforms) = preSolution
		Debug|Any CPU = Debug|Any CPU
		Release|Any CPU = Release|Any CPU
	EndGlobalSection
	GlobalSection(ProjectConfigurationPlatforms) = postSolution
		{97A390E8-7885-4915-B9B1-DAA7B44FA8BB}.Debug|Any CPU.ActiveCfg = Debug|Any CPU
		{97A390E8-7885-4915-B9B1-DAA7B44FA8BB}.Debug|Any CPU.Build.0 = Debug|Any CPU
		{97A390E8-7885-4915-B9B1-DAA7B44FA8BB}.Release|Any CPU.ActiveCfg = Release|Any CPU
		{97A390E8-7885-4915-B9B1-DAA7B44FA8BB}.Release|Any CPU.Build.0 = Release|Any CPU
		{10297A3C-7290-4059-AD5E-B05F4F465C52}.Debug|Any CPU.ActiveCfg = Debug|Any CPU
		{10297A3C-7290-4059-AD5E-B05F4F465C52}.Debug|Any CPU.Build.0 = Debug|Any CPU
		{10297A3C-7290-4059-AD5E-B05F4F465C52}.Release|Any CPU.ActiveCfg = Release|Any CPU
		{10297A3C-7290-4059-AD5E-B05F4F465C52}.Release|Any CPU.Build.0 = Release|Any CPU
	EndGlobalSection
	GlobalSection(SolutionProperties) = preSolution
		HideSolutionNode = FALSE
	EndGlobalSection
	GlobalSection(ExtensibilityGlobals) = postSolution
		SolutionGuid = {2C12C3A2-602C-488B-8F51-AED6382B7D84}
	EndGlobalSection
EndGlobal
